
Microsoft Visual Studio Solution File, Format Version 12.00
# Visual Studio Version 17
VisualStudioVersion = 17.6.33815.320
MinimumVisualStudioVersion = 10.0.40219.1
Project("{FAE04EC0-301F-11D3-BF4B-00C04F79EFBC}") = "KeepNumlockOn", "KeepNumlockOn\KeepNumlockOn.csproj", "{F98642FC-5959-4167-826E-410CBEE8DFC6}"
EndProject
Global
	GlobalSection(SolutionConfigurationPlatforms) = preSolution
		Debug|Any CPU = Debug|Any CPU
		Release|Any CPU = Release|Any CPU
	EndGlobalSection
	GlobalSection(ProjectConfigurationPlatforms) = postSolution
		{F98642FC-5959-4167-826E-410CBEE8DFC6}.Debug|Any CPU.ActiveCfg = Debug|Any CPU
		{F98642FC-5959-4167-826E-410CBEE8DFC6}.Debug|Any CPU.Build.0 = Debug|Any CPU
		{F98642FC-5959-4167-826E-410CBEE8DFC6}.Release|Any CPU.ActiveCfg = Release|Any CPU
		{F98642FC-5959-4167-826E-410CBEE8DFC6}.Release|Any CPU.Build.0 = Release|Any CPU
	EndGlobalSection
	GlobalSection(SolutionProperties) = preSolution
		HideSolutionNode = FALSE
	EndGlobalSection
	GlobalSection(ExtensibilityGlobals) = postSolution
		SolutionGuid = {5153C624-C674-4974-992B-748870B74F64}
	EndGlobalSection
EndGlobal
